
Microsoft Visual Studio Solution File, Format Version 12.00
# Visual Studio Version 17
VisualStudioVersion = 17.9.34714.143
MinimumVisualStudioVersion = 10.0.40219.1
Project("{FAE04EC0-301F-11D3-BF4B-00C04F79EFBC}") = "Z5", "Z5\Z5.csproj", "{9FBD72AC-D5B3-42A6-AF06-AC2D0F0FE39D}"
EndProject
Global
	GlobalSection(SolutionConfigurationPlatforms) = preSolution
		Debug|Any CPU = Debug|Any CPU
		Release|Any CPU = Release|Any CPU
	EndGlobalSection
	GlobalSection(ProjectConfigurationPlatforms) = postSolution
		{9FBD72AC-D5B3-42A6-AF06-AC2D0F0FE39D}.Debug|Any CPU.ActiveCfg = Debug|Any CPU
		{9FBD72AC-D5B3-42A6-AF06-AC2D0F0FE39D}.Debug|Any CPU.Build.0 = Debug|Any CPU
		{9FBD72AC-D5B3-42A6-AF06-AC2D0F0FE39D}.Release|Any CPU.ActiveCfg = Release|Any CPU
		{9FBD72AC-D5B3-42A6-AF06-AC2D0F0FE39D}.Release|Any CPU.Build.0 = Release|Any CPU
	EndGlobalSection
	GlobalSection(SolutionProperties) = preSolution
		HideSolutionNode = FALSE
	EndGlobalSection
	GlobalSection(ExtensibilityGlobals) = postSolution
		SolutionGuid = {95019C0D-38E6-40C5-B959-10D7E23B04F9}
	EndGlobalSection
EndGlobal
