
Microsoft Visual Studio Solution File, Format Version 12.00
# Visual Studio Version 17
VisualStudioVersion = 17.9.34714.143
MinimumVisualStudioVersion = 10.0.40219.1
Project("{FAE04EC0-301F-11D3-BF4B-00C04F79EFBC}") = "Z9", "Z9\Z9.csproj", "{2EB8FAAF-99E6-4964-8BF0-C900DB7CFF1B}"
EndProject
Global
	GlobalSection(SolutionConfigurationPlatforms) = preSolution
		Debug|Any CPU = Debug|Any CPU
		Release|Any CPU = Release|Any CPU
	EndGlobalSection
	GlobalSection(ProjectConfigurationPlatforms) = postSolution
		{2EB8FAAF-99E6-4964-8BF0-C900DB7CFF1B}.Debug|Any CPU.ActiveCfg = Debug|Any CPU
		{2EB8FAAF-99E6-4964-8BF0-C900DB7CFF1B}.Debug|Any CPU.Build.0 = Debug|Any CPU
		{2EB8FAAF-99E6-4964-8BF0-C900DB7CFF1B}.Release|Any CPU.ActiveCfg = Release|Any CPU
		{2EB8FAAF-99E6-4964-8BF0-C900DB7CFF1B}.Release|Any CPU.Build.0 = Release|Any CPU
	EndGlobalSection
	GlobalSection(SolutionProperties) = preSolution
		HideSolutionNode = FALSE
	EndGlobalSection
	GlobalSection(ExtensibilityGlobals) = postSolution
		SolutionGuid = {9903895C-C4F3-4141-9B28-6B035BAA75EB}
	EndGlobalSection
EndGlobal
