
Microsoft Visual Studio Solution File, Format Version 12.00
# Visual Studio Version 17
VisualStudioVersion = 17.9.34714.143
MinimumVisualStudioVersion = 10.0.40219.1
Project("{FAE04EC0-301F-11D3-BF4B-00C04F79EFBC}") = "Z5", "Z5\Z5.csproj", "{1B01CCA0-EED0-41BF-962C-CFF6C621B38B}"
EndProject
Global
	GlobalSection(SolutionConfigurationPlatforms) = preSolution
		Debug|Any CPU = Debug|Any CPU
		Release|Any CPU = Release|Any CPU
	EndGlobalSection
	GlobalSection(ProjectConfigurationPlatforms) = postSolution
		{1B01CCA0-EED0-41BF-962C-CFF6C621B38B}.Debug|Any CPU.ActiveCfg = Debug|Any CPU
		{1B01CCA0-EED0-41BF-962C-CFF6C621B38B}.Debug|Any CPU.Build.0 = Debug|Any CPU
		{1B01CCA0-EED0-41BF-962C-CFF6C621B38B}.Release|Any CPU.ActiveCfg = Release|Any CPU
		{1B01CCA0-EED0-41BF-962C-CFF6C621B38B}.Release|Any CPU.Build.0 = Release|Any CPU
	EndGlobalSection
	GlobalSection(SolutionProperties) = preSolution
		HideSolutionNode = FALSE
	EndGlobalSection
	GlobalSection(ExtensibilityGlobals) = postSolution
		SolutionGuid = {464B1135-F0B2-4E22-A5AC-B660F34854DE}
	EndGlobalSection
EndGlobal
