
Microsoft Visual Studio Solution File, Format Version 12.00
# Visual Studio Version 17
VisualStudioVersion = 17.9.34714.143
MinimumVisualStudioVersion = 10.0.40219.1
Project("{FAE04EC0-301F-11D3-BF4B-00C04F79EFBC}") = "Z9", "Z9\Z9.csproj", "{1E667A8D-AA4A-4A84-9360-A1319D6F224C}"
EndProject
Global
	GlobalSection(SolutionConfigurationPlatforms) = preSolution
		Debug|Any CPU = Debug|Any CPU
		Release|Any CPU = Release|Any CPU
	EndGlobalSection
	GlobalSection(ProjectConfigurationPlatforms) = postSolution
		{1E667A8D-AA4A-4A84-9360-A1319D6F224C}.Debug|Any CPU.ActiveCfg = Debug|Any CPU
		{1E667A8D-AA4A-4A84-9360-A1319D6F224C}.Debug|Any CPU.Build.0 = Debug|Any CPU
		{1E667A8D-AA4A-4A84-9360-A1319D6F224C}.Release|Any CPU.ActiveCfg = Release|Any CPU
		{1E667A8D-AA4A-4A84-9360-A1319D6F224C}.Release|Any CPU.Build.0 = Release|Any CPU
	EndGlobalSection
	GlobalSection(SolutionProperties) = preSolution
		HideSolutionNode = FALSE
	EndGlobalSection
	GlobalSection(ExtensibilityGlobals) = postSolution
		SolutionGuid = {B8D7EFB9-DA6B-46E4-8624-120E18BED0FC}
	EndGlobalSection
EndGlobal
